
Microsoft Visual Studio Solution File, Format Version 12.00
# Visual Studio Version 16
VisualStudioVersion = 16.0.29613.14
MinimumVisualStudioVersion = 10.0.40219.1
Project("{FAE04EC0-301F-11D3-BF4B-00C04F79EFBC}") = "3D Racer", "3D Racer\3D Racer.csproj", "{F2088DCE-D23C-478B-881A-895DE9CF9CAC}"
EndProject
Global
	GlobalSection(SolutionConfigurationPlatforms) = preSolution
		Debug|Any CPU = Debug|Any CPU
		Release|Any CPU = Release|Any CPU
	EndGlobalSection
	GlobalSection(ProjectConfigurationPlatforms) = postSolution
		{F2088DCE-D23C-478B-881A-895DE9CF9CAC}.Debug|Any CPU.ActiveCfg = Debug|Any CPU
		{F2088DCE-D23C-478B-881A-895DE9CF9CAC}.Debug|Any CPU.Build.0 = Debug|Any CPU
		{F2088DCE-D23C-478B-881A-895DE9CF9CAC}.Release|Any CPU.ActiveCfg = Release|Any CPU
		{F2088DCE-D23C-478B-881A-895DE9CF9CAC}.Release|Any CPU.Build.0 = Release|Any CPU
	EndGlobalSection
	GlobalSection(SolutionProperties) = preSolution
		HideSolutionNode = FALSE
	EndGlobalSection
	GlobalSection(ExtensibilityGlobals) = postSolution
		SolutionGuid = {F1C74ECA-BB6C-4D79-A9F1-787DC434DCFC}
	EndGlobalSection
EndGlobal
